
Microsoft Visual Studio Solution File, Format Version 12.00
# Visual Studio Version 17
VisualStudioVersion = 17.2.32630.192
MinimumVisualStudioVersion = 10.0.40219.1
Project("{FAE04EC0-301F-11D3-BF4B-00C04F79EFBC}") = "GUI", "GUI\GUI.csproj", "{77C5CD98-8BCD-4BA9-9E38-CEB58248A2C6}"
EndProject
Project("{FAE04EC0-301F-11D3-BF4B-00C04F79EFBC}") = "BLL", "BLL\BLL.csproj", "{61C838E3-E3C9-457B-B399-E0C9FB64FEFB}"
EndProject
Project("{FAE04EC0-301F-11D3-BF4B-00C04F79EFBC}") = "DAL", "DAL\DAL.csproj", "{92C7C88C-51F0-4A42-BCB2-89A5D682997F}"
EndProject
Project("{FAE04EC0-301F-11D3-BF4B-00C04F79EFBC}") = "Entity", "Entity\Entity.csproj", "{C3F5BD68-2BAC-47FE-BE57-A271F174F1C2}"
EndProject
Global
	GlobalSection(SolutionConfigurationPlatforms) = preSolution
		Debug|Any CPU = Debug|Any CPU
		Release|Any CPU = Release|Any CPU
	EndGlobalSection
	GlobalSection(ProjectConfigurationPlatforms) = postSolution
		{77C5CD98-8BCD-4BA9-9E38-CEB58248A2C6}.Debug|Any CPU.ActiveCfg = Debug|Any CPU
		{77C5CD98-8BCD-4BA9-9E38-CEB58248A2C6}.Debug|Any CPU.Build.0 = Debug|Any CPU
		{77C5CD98-8BCD-4BA9-9E38-CEB58248A2C6}.Release|Any CPU.ActiveCfg = Release|Any CPU
		{77C5CD98-8BCD-4BA9-9E38-CEB58248A2C6}.Release|Any CPU.Build.0 = Release|Any CPU
		{61C838E3-E3C9-457B-B399-E0C9FB64FEFB}.Debug|Any CPU.ActiveCfg = Debug|Any CPU
		{61C838E3-E3C9-457B-B399-E0C9FB64FEFB}.Debug|Any CPU.Build.0 = Debug|Any CPU
		{61C838E3-E3C9-457B-B399-E0C9FB64FEFB}.Release|Any CPU.ActiveCfg = Release|Any CPU
		{61C838E3-E3C9-457B-B399-E0C9FB64FEFB}.Release|Any CPU.Build.0 = Release|Any CPU
		{92C7C88C-51F0-4A42-BCB2-89A5D682997F}.Debug|Any CPU.ActiveCfg = Debug|Any CPU
		{92C7C88C-51F0-4A42-BCB2-89A5D682997F}.Debug|Any CPU.Build.0 = Debug|Any CPU
		{92C7C88C-51F0-4A42-BCB2-89A5D682997F}.Release|Any CPU.ActiveCfg = Release|Any CPU
		{92C7C88C-51F0-4A42-BCB2-89A5D682997F}.Release|Any CPU.Build.0 = Release|Any CPU
		{C3F5BD68-2BAC-47FE-BE57-A271F174F1C2}.Debug|Any CPU.ActiveCfg = Debug|Any CPU
		{C3F5BD68-2BAC-47FE-BE57-A271F174F1C2}.Debug|Any CPU.Build.0 = Debug|Any CPU
		{C3F5BD68-2BAC-47FE-BE57-A271F174F1C2}.Release|Any CPU.ActiveCfg = Release|Any CPU
		{C3F5BD68-2BAC-47FE-BE57-A271F174F1C2}.Release|Any CPU.Build.0 = Release|Any CPU
	EndGlobalSection
	GlobalSection(SolutionProperties) = preSolution
		HideSolutionNode = FALSE
	EndGlobalSection
	GlobalSection(ExtensibilityGlobals) = postSolution
		SolutionGuid = {2AD8BC09-1736-4BA4-8F7F-77F9A81B56BA}
	EndGlobalSection
EndGlobal
